# This file is automatically @generated by Cargo.
# It is not intended for manual editing.
version = 3

[[package]]
name = "collecting-hashmap"
version = "0.2.0"
source = "registry+https://github.com/rust-lang/crates.io-index"
checksum = "46341f0b4913928a5393f4250eb277c04fd0ba16864e340a31dbf8fbccc08ea9"

[[package]]
name = "day23"
version = "0.1.0"
dependencies = [
 "collecting-hashmap",
]
